
Microsoft Visual Studio Solution File, Format Version 12.00
# Visual Studio Version 16
VisualStudioVersion = 16.0.30413.136
MinimumVisualStudioVersion = 10.0.40219.1
Project("{9A19103F-16F7-4668-BE54-9A1E7A4F7556}") = "InlämningsUppgift1_WorkerService", "InlämningsUppgift1_WorkerService\InlämningsUppgift1_WorkerService.csproj", "{955CC68A-594C-4D03-B14C-50C63C98D443}"
EndProject
Project("{FAE04EC0-301F-11D3-BF4B-00C04F79EFBC}") = "InlämningsUppgift2_WPF", "InlämningsUppgift2_WPF\InlämningsUppgift2_WPF.csproj", "{A53AEA43-81D7-4381-96F7-30D4E7FB042B}"
EndProject
Global
	GlobalSection(SolutionConfigurationPlatforms) = preSolution
		Debug|Any CPU = Debug|Any CPU
		Release|Any CPU = Release|Any CPU
	EndGlobalSection
	GlobalSection(ProjectConfigurationPlatforms) = postSolution
		{955CC68A-594C-4D03-B14C-50C63C98D443}.Debug|Any CPU.ActiveCfg = Debug|Any CPU
		{955CC68A-594C-4D03-B14C-50C63C98D443}.Debug|Any CPU.Build.0 = Debug|Any CPU
		{955CC68A-594C-4D03-B14C-50C63C98D443}.Release|Any CPU.ActiveCfg = Release|Any CPU
		{955CC68A-594C-4D03-B14C-50C63C98D443}.Release|Any CPU.Build.0 = Release|Any CPU
		{A53AEA43-81D7-4381-96F7-30D4E7FB042B}.Debug|Any CPU.ActiveCfg = Debug|Any CPU
		{A53AEA43-81D7-4381-96F7-30D4E7FB042B}.Debug|Any CPU.Build.0 = Debug|Any CPU
		{A53AEA43-81D7-4381-96F7-30D4E7FB042B}.Release|Any CPU.ActiveCfg = Release|Any CPU
		{A53AEA43-81D7-4381-96F7-30D4E7FB042B}.Release|Any CPU.Build.0 = Release|Any CPU
	EndGlobalSection
	GlobalSection(SolutionProperties) = preSolution
		HideSolutionNode = FALSE
	EndGlobalSection
	GlobalSection(ExtensibilityGlobals) = postSolution
		SolutionGuid = {92D45140-FB2F-49AB-8A03-734FA147B828}
	EndGlobalSection
EndGlobal
